
Microsoft Visual Studio Solution File, Format Version 12.00
# Visual Studio 2012
Project("{FAE04EC0-301F-11D3-BF4B-00C04F79EFBC}") = "StreetLight", "image\StreetLight.csproj", "{EE2E75D0-9C91-4C21-823E-8B0F82A7B1AD}"
EndProject
Global
	GlobalSection(SolutionConfigurationPlatforms) = preSolution
		Debug|Any CPU = Debug|Any CPU
		Release|Any CPU = Release|Any CPU
	EndGlobalSection
	GlobalSection(ProjectConfigurationPlatforms) = postSolution
		{EE2E75D0-9C91-4C21-823E-8B0F82A7B1AD}.Debug|Any CPU.ActiveCfg = Debug|Any CPU
		{EE2E75D0-9C91-4C21-823E-8B0F82A7B1AD}.Debug|Any CPU.Build.0 = Debug|Any CPU
		{EE2E75D0-9C91-4C21-823E-8B0F82A7B1AD}.Release|Any CPU.ActiveCfg = Release|Any CPU
		{EE2E75D0-9C91-4C21-823E-8B0F82A7B1AD}.Release|Any CPU.Build.0 = Release|Any CPU
	EndGlobalSection
	GlobalSection(SolutionProperties) = preSolution
		HideSolutionNode = FALSE
	EndGlobalSection
EndGlobal
